{
  "name": "ironplate",
  "version": "1.0.0",
  "lockfileVersion": 1,
  "requires": true,
  "dependencies": {
    "remove-focus-outline": {
      "version": "1.2.1",
      "resolved": "https://registry.npmjs.org/remove-focus-outline/-/remove-focus-outline-1.2.1.tgz",
      "integrity": "sha512-M9wWRJiiN+/3Sv+tO7YGiE3q1XhM//WbMhJOMMxm1Ee2wj2EUs1GUcFyR/8tDB1n1DY6mYSqk/Gi0UgvzVDwfQ=="
    }
  }
}
